
Microsoft Visual Studio Solution File, Format Version 12.00
# Visual Studio Version 17
VisualStudioVersion = 17.5.33414.496
MinimumVisualStudioVersion = 10.0.40219.1
Project("{FAE04EC0-301F-11D3-BF4B-00C04F79EFBC}") = "PFI-420202-H2023", "PFI-420202-H2023\PFI-420202-H2023.csproj", "{8BB2950E-2DA1-4095-BCFB-D824416F9A49}"
EndProject
Global
	GlobalSection(SolutionConfigurationPlatforms) = preSolution
		Debug|Any CPU = Debug|Any CPU
		Release|Any CPU = Release|Any CPU
	EndGlobalSection
	GlobalSection(ProjectConfigurationPlatforms) = postSolution
		{8BB2950E-2DA1-4095-BCFB-D824416F9A49}.Debug|Any CPU.ActiveCfg = Debug|Any CPU
		{8BB2950E-2DA1-4095-BCFB-D824416F9A49}.Debug|Any CPU.Build.0 = Debug|Any CPU
		{8BB2950E-2DA1-4095-BCFB-D824416F9A49}.Release|Any CPU.ActiveCfg = Release|Any CPU
		{8BB2950E-2DA1-4095-BCFB-D824416F9A49}.Release|Any CPU.Build.0 = Release|Any CPU
	EndGlobalSection
	GlobalSection(SolutionProperties) = preSolution
		HideSolutionNode = FALSE
	EndGlobalSection
	GlobalSection(ExtensibilityGlobals) = postSolution
		SolutionGuid = {EC4E6B98-F11A-4CDE-96D1-6DCDFAC46758}
	EndGlobalSection
EndGlobal
